{
  "name": "share",
  "version": "1.0.0",
  "lockfileVersion": 1,
  "requires": true,
  "dependencies": {
    "jquery": {
      "version": "3.5.0",
      "resolved": "http://testjenkinsnpm.longdaoyun.com/jquery/-/jquery-3.5.0.tgz",
      "integrity": "sha1-mYC5fZ5BlGEcNlMOfcRqWNc0D8k="
    }
  }
}
